// !$*UTF8*$!
{
	archiveVersion = 1;
	classes = {
	};
	objectVersion = 77;
	objects = {

/* Begin PBXBuildFile section */
		D92C4E1E2E43192900021330 /* Auth in Frameworks */ = {isa = PBXBuildFile; productRef = D92C4E1D2E43192900021330 /* Auth */; };
		D92C4E202E43192900021330 /* Functions in Frameworks */ = {isa = PBXBuildFile; productRef = D92C4E1F2E43192900021330 /* Functions */; };
		D92C4E222E43192900021330 /* PostgREST in Frameworks */ = {isa = PBXBuildFile; productRef = D92C4E212E43192900021330 /* PostgREST */; };
		D92C4E242E43192900021330 /* Realtime in Frameworks */ = {isa = PBXBuildFile; productRef = D92C4E232E43192900021330 /* Realtime */; };
		D92C4E262E43192900021330 /* Storage in Frameworks */ = {isa = PBXBuildFile; productRef = D92C4E252E43192900021330 /* Storage */; };
		D9B9F0692E431EB300C23BDD /* Supabase in Frameworks */ = {isa = PBXBuildFile; productRef = D9B9F0682E431EB300C23BDD /* Supabase */; };
/* End PBXBuildFile section */

/* Begin PBXContainerItemProxy section */
		D928A4492E36B2C5002DB9CA /* PBXContainerItemProxy */ = {
			isa = PBXContainerItemProxy;
			containerPortal = D928A4332E36B2C4002DB9CA /* Project object */;
			proxyType = 1;
			remoteGlobalIDString = D928A43A2E36B2C4002DB9CA;
			remoteInfo = durability;
		};
		D928A4532E36B2C5002DB9CA /* PBXContainerItemProxy */ = {
			isa = PBXContainerItemProxy;
			containerPortal = D928A4332E36B2C4002DB9CA /* Project object */;
			proxyType = 1;
			remoteGlobalIDString = D928A43A2E36B2C4002DB9CA;
			remoteInfo = durability;
		};
/* End PBXContainerItemProxy section */

/* Begin PBXFileReference section */
		D928A43B2E36B2C4002DB9CA /* durability.app */ = {isa = PBXFileReference; explicitFileType = wrapper.application; includeInIndex = 0; path = durability.app; sourceTree = BUILT_PRODUCTS_DIR; };
		D928A4482E36B2C5002DB9CA /* durabilityTests.xctest */ = {isa = PBXFileReference; explicitFileType = wrapper.cfbundle; includeInIndex = 0; path = durabilityTests.xctest; sourceTree = BUILT_PRODUCTS_DIR; };
		D928A4522E36B2C5002DB9CA /* durabilityUITests.xctest */ = {isa = PBXFileReference; explicitFileType = wrapper.cfbundle; includeInIndex = 0; path = durabilityUITests.xctest; sourceTree = BUILT_PRODUCTS_DIR; };
/* End PBXFileReference section */

/* Begin PBXFileSystemSynchronizedBuildFileExceptionSet section */
		D989EBCC2E42F66A00DD922C /* Exceptions for "durability" folder in "durability" target */ = {
			isa = PBXFileSystemSynchronizedBuildFileExceptionSet;
			membershipExceptions = (
				Info.plist,
			);
			target = D928A43A2E36B2C4002DB9CA /* durability */;
		};
/* End PBXFileSystemSynchronizedBuildFileExceptionSet section */

/* Begin PBXFileSystemSynchronizedRootGroup section */
		D928A43D2E36B2C4002DB9CA /* durability */ = {
			isa = PBXFileSystemSynchronizedRootGroup;
			exceptions = (
				D989EBCC2E42F66A00DD922C /* Exceptions for "durability" folder in "durability" target */,
			);
			path = durability;
			sourceTree = "<group>";
		};
		D928A44B2E36B2C5002DB9CA /* durabilityTests */ = {
			isa = PBXFileSystemSynchronizedRootGroup;
			path = durabilityTests;
			sourceTree = "<group>";
		};
		D928A4552E36B2C5002DB9CA /* durabilityUITests */ = {
			isa = PBXFileSystemSynchronizedRootGroup;
			path = durabilityUITests;
			sourceTree = "<group>";
		};
/* End PBXFileSystemSynchronizedRootGroup section */

/* Begin PBXFrameworksBuildPhase section */
		D928A4382E36B2C4002DB9CA /* Frameworks */ = {
			isa = PBXFrameworksBuildPhase;
			buildActionMask = 2147483647;
			files = (
				D92C4E222E43192900021330 /* PostgREST in Frameworks */,
				D92C4E202E43192900021330 /* Functions in Frameworks */,
				D9B9F0692E431EB300C23BDD /* Supabase in Frameworks */,
				D92C4E1E2E43192900021330 /* Auth in Frameworks */,
				D92C4E262E43192900021330 /* Storage in Frameworks */,
				D92C4E242E43192900021330 /* Realtime in Frameworks */,
			);
			runOnlyForDeploymentPostprocessing = 0;
		};
		D928A4452E36B2C5002DB9CA /* Frameworks */ = {
			isa = PBXFrameworksBuildPhase;
			buildActionMask = 2147483647;
			files = (
			);
			runOnlyForDeploymentPostprocessing = 0;
		};
		D928A44F2E36B2C5002DB9CA /* Frameworks */ = {
			isa = PBXFrameworksBuildPhase;
			buildActionMask = 2147483647;
			files = (
			);
			runOnlyForDeploymentPostprocessing = 0;
		};
/* End PBXFrameworksBuildPhase section */

/* Begin PBXGroup section */
		D928A4322E36B2C4002DB9CA = {
			isa = PBXGroup;
			children = (
				D928A43D2E36B2C4002DB9CA /* durability */,
				D928A44B2E36B2C5002DB9CA /* durabilityTests */,
				D928A4552E36B2C5002DB9CA /* durabilityUITests */,
				D928A43C2E36B2C4002DB9CA /* Products */,
			);
			sourceTree = "<group>";
		};
		D928A43C2E36B2C4002DB9CA /* Products */ = {
			isa = PBXGroup;
			children = (
				D928A43B2E36B2C4002DB9CA /* durability.app */,
				D928A4482E36B2C5002DB9CA /* durabilityTests.xctest */,
				D928A4522E36B2C5002DB9CA /* durabilityUITests.xctest */,
			);
			name = Products;
			sourceTree = "<group>";
		};
/* End PBXGroup section */

/* Begin PBXNativeTarget section */
		D928A43A2E36B2C4002DB9CA /* durability */ = {
			isa = PBXNativeTarget;
			buildConfigurationList = D928A45C2E36B2C5002DB9CA /* Build configuration list for PBXNativeTarget "durability" */;
			buildPhases = (
				D928A4372E36B2C4002DB9CA /* Sources */,
				D928A4382E36B2C4002DB9CA /* Frameworks */,
				D928A4392E36B2C4002DB9CA /* Resources */,
			);
			buildRules = (
			);
			dependencies = (
			);
			fileSystemSynchronizedGroups = (
				D928A43D2E36B2C4002DB9CA /* durability */,
			);
			name = durability;
			packageProductDependencies = (
				D92C4E1D2E43192900021330 /* Auth */,
				D92C4E1F2E43192900021330 /* Functions */,
				D92C4E212E43192900021330 /* PostgREST */,
				D92C4E232E43192900021330 /* Realtime */,
				D92C4E252E43192900021330 /* Storage */,
				D9B9F0682E431EB300C23BDD /* Supabase */,
			);
			productName = durability;
			productReference = D928A43B2E36B2C4002DB9CA /* durability.app */;
			productType = "com.apple.product-type.application";
		};
		D928A4472E36B2C5002DB9CA /* durabilityTests */ = {
			isa = PBXNativeTarget;
			buildConfigurationList = D928A45F2E36B2C5002DB9CA /* Build configuration list for PBXNativeTarget "durabilityTests" */;
			buildPhases = (
				D928A4442E36B2C5002DB9CA /* Sources */,
				D928A4452E36B2C5002DB9CA /* Frameworks */,
				D928A4462E36B2C5002DB9CA /* Resources */,
			);
			buildRules = (
			);
			dependencies = (
				D928A44A2E36B2C5002DB9CA /* PBXTargetDependency */,
			);
			fileSystemSynchronizedGroups = (
				D928A44B2E36B2C5002DB9CA /* durabilityTests */,
			);
			name = durabilityTests;
			packageProductDependencies = (
			);
			productName = durabilityTests;
			productReference = D928A4482E36B2C5002DB9CA /* durabilityTests.xctest */;
			productType = "com.apple.product-type.bundle.unit-test";
		};
		D928A4512E36B2C5002DB9CA /* durabilityUITests */ = {
			isa = PBXNativeTarget;
			buildConfigurationList = D928A4622E36B2C5002DB9CA /* Build configuration list for PBXNativeTarget "durabilityUITests" */;
			buildPhases = (
				D928A44E2E36B2C5002DB9CA /* Sources */,
				D928A44F2E36B2C5002DB9CA /* Frameworks */,
				D928A4502E36B2C5002DB9CA /* Resources */,
			);
			buildRules = (
			);
			dependencies = (
				D928A4542E36B2C5002DB9CA /* PBXTargetDependency */,
			);
			fileSystemSynchronizedGroups = (
				D928A4552E36B2C5002DB9CA /* durabilityUITests */,
			);
			name = durabilityUITests;
			packageProductDependencies = (
			);
			productName = durabilityUITests;
			productReference = D928A4522E36B2C5002DB9CA /* durabilityUITests.xctest */;
			productType = "com.apple.product-type.bundle.ui-testing";
		};
/* End PBXNativeTarget section */

/* Begin PBXProject section */
		D928A4332E36B2C4002DB9CA /* Project object */ = {
			isa = PBXProject;
			attributes = {
				BuildIndependentTargetsInParallel = 1;
				LastSwiftUpdateCheck = 1640;
				LastUpgradeCheck = 1640;
				TargetAttributes = {
					D928A43A2E36B2C4002DB9CA = {
						CreatedOnToolsVersion = 16.4;
					};
					D928A4472E36B2C5002DB9CA = {
						CreatedOnToolsVersion = 16.4;
						TestTargetID = D928A43A2E36B2C4002DB9CA;
					};
					D928A4512E36B2C5002DB9CA = {
						CreatedOnToolsVersion = 16.4;
						TestTargetID = D928A43A2E36B2C4002DB9CA;
					};
				};
			};
			buildConfigurationList = D928A4362E36B2C4002DB9CA /* Build configuration list for PBXProject "durability" */;
			developmentRegion = en;
			hasScannedForEncodings = 0;
			knownRegions = (
				en,
				Base,
			);
			mainGroup = D928A4322E36B2C4002DB9CA;
			minimizedProjectReferenceProxies = 1;
			packageReferences = (
				D92C4E1C2E43192900021330 /* XCRemoteSwiftPackageReference "supabase-swift" */,
			);
			preferredProjectObjectVersion = 77;
			productRefGroup = D928A43C2E36B2C4002DB9CA /* Products */;
			projectDirPath = "";
			projectRoot = "";
			targets = (
				D928A43A2E36B2C4002DB9CA /* durability */,
				D928A4472E36B2C5002DB9CA /* durabilityTests */,
				D928A4512E36B2C5002DB9CA /* durabilityUITests */,
			);
		};
/* End PBXProject section */

/* Begin PBXResourcesBuildPhase section */
		D928A4392E36B2C4002DB9CA /* Resources */ = {
			isa = PBXResourcesBuildPhase;
			buildActionMask = 2147483647;
			files = (
			);
			runOnlyForDeploymentPostprocessing = 0;
		};
		D928A4462E36B2C5002DB9CA /* Resources */ = {
			isa = PBXResourcesBuildPhase;
			buildActionMask = 2147483647;
			files = (
			);
			runOnlyForDeploymentPostprocessing = 0;
		};
		D928A4502E36B2C5002DB9CA /* Resources */ = {
			isa = PBXResourcesBuildPhase;
			buildActionMask = 2147483647;
			files = (
			);
			runOnlyForDeploymentPostprocessing = 0;
		};
/* End PBXResourcesBuildPhase section */

/* Begin PBXSourcesBuildPhase section */
		D928A4372E36B2C4002DB9CA /* Sources */ = {
			isa = PBXSourcesBuildPhase;
			buildActionMask = 2147483647;
			files = (
			);
			runOnlyForDeploymentPostprocessing = 0;
		};
		D928A4442E36B2C5002DB9CA /* Sources */ = {
			isa = PBXSourcesBuildPhase;
			buildActionMask = 2147483647;
			files = (
			);
			runOnlyForDeploymentPostprocessing = 0;
		};
		D928A44E2E36B2C5002DB9CA /* Sources */ = {
			isa = PBXSourcesBuildPhase;
			buildActionMask = 2147483647;
			files = (
			);
			runOnlyForDeploymentPostprocessing = 0;
		};
/* End PBXSourcesBuildPhase section */

/* Begin PBXTargetDependency section */
		D928A44A2E36B2C5002DB9CA /* PBXTargetDependency */ = {
			isa = PBXTargetDependency;
			target = D928A43A2E36B2C4002DB9CA /* durability */;
			targetProxy = D928A4492E36B2C5002DB9CA /* PBXContainerItemProxy */;
		};
		D928A4542E36B2C5002DB9CA /* PBXTargetDependency */ = {
			isa = PBXTargetDependency;
			target = D928A43A2E36B2C4002DB9CA /* durability */;
			targetProxy = D928A4532E36B2C5002DB9CA /* PBXContainerItemProxy */;
		};
/* End PBXTargetDependency section */

/* Begin XCBuildConfiguration section */
		D928A45A2E36B2C5002DB9CA /* Debug */ = {
			isa = XCBuildConfiguration;
			buildSettings = {
				ALWAYS_SEARCH_USER_PATHS = NO;
				ASSETCATALOG_COMPILER_GENERATE_SWIFT_ASSET_SYMBOL_EXTENSIONS = YES;
				CLANG_ANALYZER_NONNULL = YES;
				CLANG_ANALYZER_NUMBER_OBJECT_CONVERSION = YES_AGGRESSIVE;
				CLANG_CXX_LANGUAGE_STANDARD = "gnu++20";
				CLANG_ENABLE_MODULES = YES;
				CLANG_ENABLE_OBJC_ARC = YES;
				CLANG_ENABLE_OBJC_WEAK = YES;
				CLANG_WARN_BLOCK_CAPTURE_AUTORELEASING = YES;
				CLANG_WARN_BOOL_CONVERSION = YES;
				CLANG_WARN_COMMA = YES;
				CLANG_WARN_CONSTANT_CONVERSION = YES;
				CLANG_WARN_DEPRECATED_OBJC_IMPLEMENTATIONS = YES;
				CLANG_WARN_DIRECT_OBJC_ISA_USAGE = YES_ERROR;
				CLANG_WARN_DOCUMENTATION_COMMENTS = YES;
				CLANG_WARN_EMPTY_BODY = YES;
				CLANG_WARN_ENUM_CONVERSION = YES;
				CLANG_WARN_INFINITE_RECURSION = YES;
				CLANG_WARN_INT_CONVERSION = YES;
				CLANG_WARN_NON_LITERAL_NULL_CONVERSION = YES;
				CLANG_WARN_OBJC_IMPLICIT_RETAIN_SELF = YES;
				CLANG_WARN_OBJC_LITERAL_CONVERSION = YES;
				CLANG_WARN_OBJC_ROOT_CLASS = YES_ERROR;
				CLANG_WARN_QUOTED_INCLUDE_IN_FRAMEWORK_HEADER = YES;
				CLANG_WARN_RANGE_LOOP_ANALYSIS = YES;
				CLANG_WARN_STRICT_PROTOTYPES = YES;
				CLANG_WARN_SUSPICIOUS_MOVE = YES;
				CLANG_WARN_UNGUARDED_AVAILABILITY = YES_AGGRESSIVE;
				CLANG_WARN_UNREACHABLE_CODE = YES;
				CLANG_WARN__DUPLICATE_METHOD_MATCH = YES;
				COPY_PHASE_STRIP = NO;
				DEBUG_INFORMATION_FORMAT = dwarf;
				ENABLE_STRICT_OBJC_MSGSEND = YES;
				ENABLE_TESTABILITY = YES;
				ENABLE_USER_SCRIPT_SANDBOXING = YES;
				GCC_C_LANGUAGE_STANDARD = gnu17;
				GCC_DYNAMIC_NO_PIC = NO;
				GCC_NO_COMMON_BLOCKS = YES;
				GCC_OPTIMIZATION_LEVEL = 0;
				GCC_PREPROCESSOR_DEFINITIONS = (
					"DEBUG=1",
					"$(inherited)",
				);
				GCC_WARN_64_TO_32_BIT_CONVERSION = YES;
				GCC_WARN_ABOUT_RETURN_TYPE = YES_ERROR;
				GCC_WARN_UNDECLARED_SELECTOR = YES;
				GCC_WARN_UNINITIALIZED_AUTOS = YES_AGGRESSIVE;
				GCC_WARN_UNUSED_FUNCTION = YES;
				GCC_WARN_UNUSED_VARIABLE = YES;
				IPHONEOS_DEPLOYMENT_TARGET = 18.5;
				LOCALIZATION_PREFERS_STRING_CATALOGS = YES;
				MTL_ENABLE_DEBUG_INFO = INCLUDE_SOURCE;
				MTL_FAST_MATH = YES;
				ONLY_ACTIVE_ARCH = YES;
				SDKROOT = iphoneos;
				SWIFT_ACTIVE_COMPILATION_CONDITIONS = "DEBUG $(inherited)";
				SWIFT_OPTIMIZATION_LEVEL = "-Onone";
			};
			name = Debug;
		};
		D928A45B2E36B2C5002DB9CA /* Release */ = {
			isa = XCBuildConfiguration;
			buildSettings = {
				ALWAYS_SEARCH_USER_PATHS = NO;
				ASSETCATALOG_COMPILER_GENERATE_SWIFT_ASSET_SYMBOL_EXTENSIONS = YES;
				CLANG_ANALYZER_NONNULL = YES;
				CLANG_ANALYZER_NUMBER_OBJECT_CONVERSION = YES_AGGRESSIVE;
				CLANG_CXX_LANGUAGE_STANDARD = "gnu++20";
				CLANG_ENABLE_MODULES = YES;
				CLANG_ENABLE_OBJC_ARC = YES;
				CLANG_ENABLE_OBJC_WEAK = YES;
				CLANG_WARN_BLOCK_CAPTURE_AUTORELEASING = YES;
				CLANG_WARN_BOOL_CONVERSION = YES;
				CLANG_WARN_COMMA = YES;
				CLANG_WARN_CONSTANT_CONVERSION = YES;
				CLANG_WARN_DEPRECATED_OBJC_IMPLEMENTATIONS = YES;
				CLANG_WARN_DIRECT_OBJC_ISA_USAGE = YES_ERROR;
				CLANG_WARN_DOCUMENTATION_COMMENTS = YES;
				CLANG_WARN_EMPTY_BODY = YES;
				CLANG_WARN_ENUM_CONVERSION = YES;
				CLANG_WARN_INFINITE_RECURSION = YES;
				CLANG_WARN_INT_CONVERSION = YES;
				CLANG_WARN_NON_LITERAL_NULL_CONVERSION = YES;
				CLANG_WARN_OBJC_IMPLICIT_RETAIN_SELF = YES;
				CLANG_WARN_OBJC_LITERAL_CONVERSION = YES;
				CLANG_WARN_OBJC_ROOT_CLASS = YES_ERROR;
				CLANG_WARN_QUOTED_INCLUDE_IN_FRAMEWORK_HEADER = YES;
				CLANG_WARN_RANGE_LOOP_ANALYSIS = YES;
				CLANG_WARN_STRICT_PROTOTYPES = YES;
				CLANG_WARN_SUSPICIOUS_MOVE = YES;
				CLANG_WARN_UNGUARDED_AVAILABILITY = YES_AGGRESSIVE;
				CLANG_WARN_UNREACHABLE_CODE = YES;
				CLANG_WARN__DUPLICATE_METHOD_MATCH = YES;
				COPY_PHASE_STRIP = NO;
				DEBUG_INFORMATION_FORMAT = "dwarf-with-dsym";
				ENABLE_NS_ASSERTIONS = NO;
				ENABLE_STRICT_OBJC_MSGSEND = YES;
				ENABLE_USER_SCRIPT_SANDBOXING = YES;
				GCC_C_LANGUAGE_STANDARD = gnu17;
				GCC_NO_COMMON_BLOCKS = YES;
				GCC_WARN_64_TO_32_BIT_CONVERSION = YES;
				GCC_WARN_ABOUT_RETURN_TYPE = YES_ERROR;
				GCC_WARN_UNDECLARED_SELECTOR = YES;
				GCC_WARN_UNINITIALIZED_AUTOS = YES_AGGRESSIVE;
				GCC_WARN_UNUSED_FUNCTION = YES;
				GCC_WARN_UNUSED_VARIABLE = YES;
				IPHONEOS_DEPLOYMENT_TARGET = 18.5;
				LOCALIZATION_PREFERS_STRING_CATALOGS = YES;
				MTL_ENABLE_DEBUG_INFO = NO;
				MTL_FAST_MATH = YES;
				SDKROOT = iphoneos;
				SWIFT_COMPILATION_MODE = wholemodule;
				VALIDATE_PRODUCT = YES;
			};
			name = Release;
		};
		D928A45D2E36B2C5002DB9CA /* Debug */ = {
			isa = XCBuildConfiguration;
			buildSettings = {
				ASSETCATALOG_COMPILER_APPICON_NAME = AppIcon;
				ASSETCATALOG_COMPILER_GLOBAL_ACCENT_COLOR_NAME = AccentColor;
				CODE_SIGN_ENTITLEMENTS = durability/durability.entitlements;
				CODE_SIGN_STYLE = Automatic;
				CURRENT_PROJECT_VERSION = 1;
				DEVELOPMENT_TEAM = 67AH4PN566;
				ENABLE_PREVIEWS = YES;
				GENERATE_INFOPLIST_FILE = YES;
				INFOPLIST_FILE = durability/Info.plist;
				INFOPLIST_KEY_UIApplicationSceneManifest_Generation = YES;
				INFOPLIST_KEY_UIApplicationSupportsIndirectInputEvents = YES;
				INFOPLIST_KEY_UILaunchScreen_Generation = YES;
				INFOPLIST_KEY_UISupportedInterfaceOrientations_iPad = "UIInterfaceOrientationPortrait UIInterfaceOrientationPortraitUpsideDown UIInterfaceOrientationLandscapeLeft UIInterfaceOrientationLandscapeRight";
				INFOPLIST_KEY_UISupportedInterfaceOrientations_iPhone = "UIInterfaceOrientationPortrait UIInterfaceOrientationLandscapeLeft UIInterfaceOrientationLandscapeRight";
				LD_RUNPATH_SEARCH_PATHS = (
					"$(inherited)",
					"@executable_path/Frameworks",
				);
				MARKETING_VERSION = 1.0;
				PRODUCT_BUNDLE_IDENTIFIER = ai.mydurability.app;
				PRODUCT_NAME = "$(TARGET_NAME)";
				SWIFT_EMIT_LOC_STRINGS = YES;
				SWIFT_VERSION = 5.0;
				TARGETED_DEVICE_FAMILY = "1,2";
			};
			name = Debug;
		};
		D928A45E2E36B2C5002DB9CA /* Release */ = {
			isa = XCBuildConfiguration;
			buildSettings = {
				ASSETCATALOG_COMPILER_APPICON_NAME = AppIcon;
				ASSETCATALOG_COMPILER_GLOBAL_ACCENT_COLOR_NAME = AccentColor;
				CODE_SIGN_ENTITLEMENTS = durability/durability.entitlements;
				CODE_SIGN_STYLE = Automatic;
				CURRENT_PROJECT_VERSION = 1;
				DEVELOPMENT_TEAM = 67AH4PN566;
				ENABLE_PREVIEWS = YES;
				GENERATE_INFOPLIST_FILE = YES;
				INFOPLIST_FILE = durability/Info.plist;
				INFOPLIST_KEY_UIApplicationSceneManifest_Generation = YES;
				INFOPLIST_KEY_UIApplicationSupportsIndirectInputEvents = YES;
				INFOPLIST_KEY_UILaunchScreen_Generation = YES;
				INFOPLIST_KEY_UISupportedInterfaceOrientations_iPad = "UIInterfaceOrientationPortrait UIInterfaceOrientationPortraitUpsideDown UIInterfaceOrientationLandscapeLeft UIInterfaceOrientationLandscapeRight";
				INFOPLIST_KEY_UISupportedInterfaceOrientations_iPhone = "UIInterfaceOrientationPortrait UIInterfaceOrientationLandscapeLeft UIInterfaceOrientationLandscapeRight";
				LD_RUNPATH_SEARCH_PATHS = (
					"$(inherited)",
					"@executable_path/Frameworks",
				);
				MARKETING_VERSION = 1.0;
				PRODUCT_BUNDLE_IDENTIFIER = ai.mydurability.app;
				PRODUCT_NAME = "$(TARGET_NAME)";
				SWIFT_EMIT_LOC_STRINGS = YES;
				SWIFT_VERSION = 5.0;
				TARGETED_DEVICE_FAMILY = "1,2";
			};
			name = Release;
		};
		D928A4602E36B2C5002DB9CA /* Debug */ = {
			isa = XCBuildConfiguration;
			buildSettings = {
				BUNDLE_LOADER = "$(TEST_HOST)";
				CODE_SIGN_STYLE = Automatic;
				CURRENT_PROJECT_VERSION = 1;
				GENERATE_INFOPLIST_FILE = YES;
				INFOPLIST_KEY_NSHealthShareUsageDescription = "durability needs access to your health data to provide personalized fitness insights and track your progress.";
				INFOPLIST_KEY_NSHealthUpdateUsageDescription = "durability needs to update your health data to save your workout and fitness information.";
				IPHONEOS_DEPLOYMENT_TARGET = 18.5;
				MARKETING_VERSION = 1.0;
				PRODUCT_BUNDLE_IDENTIFIER = com.durability.durabilityTests;
				PRODUCT_NAME = "$(TARGET_NAME)";
				SWIFT_EMIT_LOC_STRINGS = NO;
				SWIFT_VERSION = 5.0;
				TARGETED_DEVICE_FAMILY = "1,2";
				TEST_HOST = "$(BUILT_PRODUCTS_DIR)/durability.app/$(BUNDLE_EXECUTABLE_FOLDER_PATH)/durability";
			};
			name = Debug;
		};
		D928A4612E36B2C5002DB9CA /* Release */ = {
			isa = XCBuildConfiguration;
			buildSettings = {
				BUNDLE_LOADER = "$(TEST_HOST)";
				CODE_SIGN_STYLE = Automatic;
				CURRENT_PROJECT_VERSION = 1;
				GENERATE_INFOPLIST_FILE = YES;
				IPHONEOS_DEPLOYMENT_TARGET = 18.5;
				MARKETING_VERSION = 1.0;
				PRODUCT_BUNDLE_IDENTIFIER = com.durability.durabilityTests;
				PRODUCT_NAME = "$(TARGET_NAME)";
				SWIFT_EMIT_LOC_STRINGS = NO;
				SWIFT_VERSION = 5.0;
				TARGETED_DEVICE_FAMILY = "1,2";
				TEST_HOST = "$(BUILT_PRODUCTS_DIR)/durability.app/$(BUNDLE_EXECUTABLE_FOLDER_PATH)/durability";
			};
			name = Release;
		};
		D928A4632E36B2C5002DB9CA /* Debug */ = {
			isa = XCBuildConfiguration;
			buildSettings = {
				CODE_SIGN_STYLE = Automatic;
				CURRENT_PROJECT_VERSION = 1;
				GENERATE_INFOPLIST_FILE = YES;
				MARKETING_VERSION = 1.0;
				PRODUCT_BUNDLE_IDENTIFIER = com.durability.durabilityUITests;
				PRODUCT_NAME = "$(TARGET_NAME)";
				SWIFT_EMIT_LOC_STRINGS = NO;
				SWIFT_VERSION = 5.0;
				TARGETED_DEVICE_FAMILY = "1,2";
				TEST_TARGET_NAME = durability;
			};
			name = Debug;
		};
		D928A4642E36B2C5002DB9CA /* Release */ = {
			isa = XCBuildConfiguration;
			buildSettings = {
				CODE_SIGN_STYLE = Automatic;
				CURRENT_PROJECT_VERSION = 1;
				GENERATE_INFOPLIST_FILE = YES;
				MARKETING_VERSION = 1.0;
				PRODUCT_BUNDLE_IDENTIFIER = com.durability.durabilityUITests;
				PRODUCT_NAME = "$(TARGET_NAME)";
				SWIFT_EMIT_LOC_STRINGS = NO;
				SWIFT_VERSION = 5.0;
				TARGETED_DEVICE_FAMILY = "1,2";
				TEST_TARGET_NAME = durability;
			};
			name = Release;
		};
/* End XCBuildConfiguration section */

/* Begin XCConfigurationList section */
		D928A4362E36B2C4002DB9CA /* Build configuration list for PBXProject "durability" */ = {
			isa = XCConfigurationList;
			buildConfigurations = (
				D928A45A2E36B2C5002DB9CA /* Debug */,
				D928A45B2E36B2C5002DB9CA /* Release */,
			);
			defaultConfigurationIsVisible = 0;
			defaultConfigurationName = Release;
		};
		D928A45C2E36B2C5002DB9CA /* Build configuration list for PBXNativeTarget "durability" */ = {
			isa = XCConfigurationList;
			buildConfigurations = (
				D928A45D2E36B2C5002DB9CA /* Debug */,
				D928A45E2E36B2C5002DB9CA /* Release */,
			);
			defaultConfigurationIsVisible = 0;
			defaultConfigurationName = Release;
		};
		D928A45F2E36B2C5002DB9CA /* Build configuration list for PBXNativeTarget "durabilityTests" */ = {
			isa = XCConfigurationList;
			buildConfigurations = (
				D928A4602E36B2C5002DB9CA /* Debug */,
				D928A4612E36B2C5002DB9CA /* Release */,
			);
			defaultConfigurationIsVisible = 0;
			defaultConfigurationName = Release;
		};
		D928A4622E36B2C5002DB9CA /* Build configuration list for PBXNativeTarget "durabilityUITests" */ = {
			isa = XCConfigurationList;
			buildConfigurations = (
				D928A4632E36B2C5002DB9CA /* Debug */,
				D928A4642E36B2C5002DB9CA /* Release */,
			);
			defaultConfigurationIsVisible = 0;
			defaultConfigurationName = Release;
		};
/* End XCConfigurationList section */

/* Begin XCRemoteSwiftPackageReference section */
		D92C4E1C2E43192900021330 /* XCRemoteSwiftPackageReference "supabase-swift" */ = {
			isa = XCRemoteSwiftPackageReference;
			repositoryURL = "https://github.com/supabase-community/supabase-swift";
			requirement = {
				kind = upToNextMajorVersion;
				minimumVersion = 2.5.1;
			};
		};
/* End XCRemoteSwiftPackageReference section */

/* Begin XCSwiftPackageProductDependency section */
		D92C4E1D2E43192900021330 /* Auth */ = {
			isa = XCSwiftPackageProductDependency;
			package = D92C4E1C2E43192900021330 /* XCRemoteSwiftPackageReference "supabase-swift" */;
			productName = Auth;
		};
		D92C4E1F2E43192900021330 /* Functions */ = {
			isa = XCSwiftPackageProductDependency;
			package = D92C4E1C2E43192900021330 /* XCRemoteSwiftPackageReference "supabase-swift" */;
			productName = Functions;
		};
		D92C4E212E43192900021330 /* PostgREST */ = {
			isa = XCSwiftPackageProductDependency;
			package = D92C4E1C2E43192900021330 /* XCRemoteSwiftPackageReference "supabase-swift" */;
			productName = PostgREST;
		};
		D92C4E232E43192900021330 /* Realtime */ = {
			isa = XCSwiftPackageProductDependency;
			package = D92C4E1C2E43192900021330 /* XCRemoteSwiftPackageReference "supabase-swift" */;
			productName = Realtime;
		};
		D92C4E252E43192900021330 /* Storage */ = {
			isa = XCSwiftPackageProductDependency;
			package = D92C4E1C2E43192900021330 /* XCRemoteSwiftPackageReference "supabase-swift" */;
			productName = Storage;
		};
		D9B9F0682E431EB300C23BDD /* Supabase */ = {
			isa = XCSwiftPackageProductDependency;
			package = D92C4E1C2E43192900021330 /* XCRemoteSwiftPackageReference "supabase-swift" */;
			productName = Supabase;
		};
/* End XCSwiftPackageProductDependency section */
	};
	rootObject = D928A4332E36B2C4002DB9CA /* Project object */;
}
